
Microsoft Visual Studio Solution File, Format Version 12.00
# Visual Studio Version 17
VisualStudioVersion = 17.6.33815.320
MinimumVisualStudioVersion = 10.0.40219.1
Project("{9A19103F-16F7-4668-BE54-9A1E7A4F7556}") = "Inventario", "Inventario.csproj", "{D5896469-2F28-4748-A8B9-0297E3FED167}"
EndProject
Project("{9A19103F-16F7-4668-BE54-9A1E7A4F7556}") = "BussinessLogic", "..\BussinessLogic\BussinessLogic.csproj", "{77161488-831B-4D0D-B05E-8AB4F6E36EB8}"
EndProject
Project("{9A19103F-16F7-4668-BE54-9A1E7A4F7556}") = "DataAccess", "..\DataAccess\DataAccess.csproj", "{C500C90F-D88F-48B6-A652-205EC8E759C1}"
EndProject
Global
	GlobalSection(SolutionConfigurationPlatforms) = preSolution
		Debug|Any CPU = Debug|Any CPU
		Release|Any CPU = Release|Any CPU
	EndGlobalSection
	GlobalSection(ProjectConfigurationPlatforms) = postSolution
		{D5896469-2F28-4748-A8B9-0297E3FED167}.Debug|Any CPU.ActiveCfg = Debug|Any CPU
		{D5896469-2F28-4748-A8B9-0297E3FED167}.Debug|Any CPU.Build.0 = Debug|Any CPU
		{D5896469-2F28-4748-A8B9-0297E3FED167}.Release|Any CPU.ActiveCfg = Release|Any CPU
		{D5896469-2F28-4748-A8B9-0297E3FED167}.Release|Any CPU.Build.0 = Release|Any CPU
		{77161488-831B-4D0D-B05E-8AB4F6E36EB8}.Debug|Any CPU.ActiveCfg = Debug|Any CPU
		{77161488-831B-4D0D-B05E-8AB4F6E36EB8}.Debug|Any CPU.Build.0 = Debug|Any CPU
		{77161488-831B-4D0D-B05E-8AB4F6E36EB8}.Release|Any CPU.ActiveCfg = Release|Any CPU
		{77161488-831B-4D0D-B05E-8AB4F6E36EB8}.Release|Any CPU.Build.0 = Release|Any CPU
		{C500C90F-D88F-48B6-A652-205EC8E759C1}.Debug|Any CPU.ActiveCfg = Debug|Any CPU
		{C500C90F-D88F-48B6-A652-205EC8E759C1}.Debug|Any CPU.Build.0 = Debug|Any CPU
		{C500C90F-D88F-48B6-A652-205EC8E759C1}.Release|Any CPU.ActiveCfg = Release|Any CPU
		{C500C90F-D88F-48B6-A652-205EC8E759C1}.Release|Any CPU.Build.0 = Release|Any CPU
	EndGlobalSection
	GlobalSection(SolutionProperties) = preSolution
		HideSolutionNode = FALSE
	EndGlobalSection
	GlobalSection(ExtensibilityGlobals) = postSolution
		SolutionGuid = {574FEA87-3FFB-436D-A16F-75C1F7CB21B6}
	EndGlobalSection
EndGlobal
